{
  "pins" : [
    {
      "identity" : "combineextensions",
      "kind" : "remoteSourceControl",
      "location" : "https://github.com/jianghui1/CombineExtensions.git",
      "state" : {
        "branch" : "main",
        "revision" : "9fdb593fcc5fe8277edaf43006ad11b4dee4af06"
      }
    }
  ],
  "version" : 2
}
